// !$*UTF8*$!
{
	archiveVersion = 1;
	classes = {
	};
	objectVersion = 46;
	objects = {

/* Begin PBXBuildFile section */
		1BFC967C190A7637002DA5F2 /* Foundation.framework in Frameworks */ = {isa = PBXBuildFile; fileRef = 1BFC967B190A7637002DA5F2 /* Foundation.framework */; };
		1BFC967E190A7637002DA5F2 /* CoreGraphics.framework in Frameworks */ = {isa = PBXBuildFile; fileRef = 1BFC967D190A7637002DA5F2 /* CoreGraphics.framework */; };
		1BFC9680190A7637002DA5F2 /* UIKit.framework in Frameworks */ = {isa = PBXBuildFile; fileRef = 1BFC967F190A7637002DA5F2 /* UIKit.framework */; };
		1BFC9686190A7637002DA5F2 /* InfoPlist.strings in Resources */ = {isa = PBXBuildFile; fileRef = 1BFC9684190A7637002DA5F2 /* InfoPlist.strings */; };
		1BFC9688190A7637002DA5F2 /* main.m in Sources */ = {isa = PBXBuildFile; fileRef = 1BFC9687190A7637002DA5F2 /* main.m */; };
		1BFC968C190A7638002DA5F2 /* AppDelegate.m in Sources */ = {isa = PBXBuildFile; fileRef = 1BFC968B190A7638002DA5F2 /* AppDelegate.m */; };
		1BFC968F190A7638002DA5F2 /* Main.storyboard in Resources */ = {isa = PBXBuildFile; fileRef = 1BFC968D190A7638002DA5F2 /* Main.storyboard */; };
		1BFC9692190A7638002DA5F2 /* ViewController.m in Sources */ = {isa = PBXBuildFile; fileRef = 1BFC9691190A7638002DA5F2 /* ViewController.m */; };
		1BFC9694190A7638002DA5F2 /* Images.xcassets in Resources */ = {isa = PBXBuildFile; fileRef = 1BFC9693190A7638002DA5F2 /* Images.xcassets */; };
		1BFC96BB190A7EB7002DA5F2 /* DAWeatherClient.m in Sources */ = {isa = PBXBuildFile; fileRef = 1BFC96BA190A7EB7002DA5F2 /* DAWeatherClient.m */; };
/* End PBXBuildFile section */

/* Begin PBXFileReference section */
		1BFC9678190A7637002DA5F2 /* project.app */ = {isa = PBXFileReference; explicitFileType = wrapper.application; includeInIndex = 0; path = project.app; sourceTree = BUILT_PRODUCTS_DIR; };
		1BFC967B190A7637002DA5F2 /* Foundation.framework */ = {isa = PBXFileReference; lastKnownFileType = wrapper.framework; name = Foundation.framework; path = System/Library/Frameworks/Foundation.framework; sourceTree = SDKROOT; };
		1BFC967D190A7637002DA5F2 /* CoreGraphics.framework */ = {isa = PBXFileReference; lastKnownFileType = wrapper.framework; name = CoreGraphics.framework; path = System/Library/Frameworks/CoreGraphics.framework; sourceTree = SDKROOT; };
		1BFC967F190A7637002DA5F2 /* UIKit.framework */ = {isa = PBXFileReference; lastKnownFileType = wrapper.framework; name = UIKit.framework; path = System/Library/Frameworks/UIKit.framework; sourceTree = SDKROOT; };
		1BFC9683190A7637002DA5F2 /* project-Info.plist */ = {isa = PBXFileReference; lastKnownFileType = text.plist.xml; path = "project-Info.plist"; sourceTree = "<group>"; };
		1BFC9685190A7637002DA5F2 /* en */ = {isa = PBXFileReference; lastKnownFileType = text.plist.strings; name = en; path = en.lproj/InfoPlist.strings; sourceTree = "<group>"; };
		1BFC9687190A7637002DA5F2 /* main.m */ = {isa = PBXFileReference; lastKnownFileType = sourcecode.c.objc; path = main.m; sourceTree = "<group>"; };
		1BFC9689190A7637002DA5F2 /* project-Prefix.pch */ = {isa = PBXFileReference; lastKnownFileType = sourcecode.c.h; path = "project-Prefix.pch"; sourceTree = "<group>"; };
		1BFC968A190A7637002DA5F2 /* AppDelegate.h */ = {isa = PBXFileReference; lastKnownFileType = sourcecode.c.h; name = AppDelegate.h; path = project/AppDelegate.h; sourceTree = "<group>"; };
		1BFC968B190A7638002DA5F2 /* AppDelegate.m */ = {isa = PBXFileReference; lastKnownFileType = sourcecode.c.objc; name = AppDelegate.m; path = project/AppDelegate.m; sourceTree = "<group>"; };
		1BFC968E190A7638002DA5F2 /* Base */ = {isa = PBXFileReference; lastKnownFileType = file.storyboard; name = Base; path = Base.lproj/Main.storyboard; sourceTree = "<group>"; };
		1BFC9690190A7638002DA5F2 /* ViewController.h */ = {isa = PBXFileReference; lastKnownFileType = sourcecode.c.h; name = ViewController.h; path = project/ViewController.h; sourceTree = "<group>"; };
		1BFC9691190A7638002DA5F2 /* ViewController.m */ = {isa = PBXFileReference; lastKnownFileType = sourcecode.c.objc; name = ViewController.m; path = project/ViewController.m; sourceTree = "<group>"; };
		1BFC9693190A7638002DA5F2 /* Images.xcassets */ = {isa = PBXFileReference; lastKnownFileType = folder.assetcatalog; name = Images.xcassets; path = project/Images.xcassets; sourceTree = "<group>"; };
		1BFC969A190A7638002DA5F2 /* XCTest.framework */ = {isa = PBXFileReference; lastKnownFileType = wrapper.framework; name = XCTest.framework; path = Library/Frameworks/XCTest.framework; sourceTree = DEVELOPER_DIR; };
		1BFC96B9190A7EB7002DA5F2 /* DAWeatherClient.h */ = {isa = PBXFileReference; fileEncoding = 4; lastKnownFileType = sourcecode.c.h; path = DAWeatherClient.h; sourceTree = "<group>"; };
		1BFC96BA190A7EB7002DA5F2 /* DAWeatherClient.m */ = {isa = PBXFileReference; fileEncoding = 4; lastKnownFileType = sourcecode.c.objc; path = DAWeatherClient.m; sourceTree = "<group>"; };
/* End PBXFileReference section */

/* Begin PBXFrameworksBuildPhase section */
		1BFC9675190A7637002DA5F2 /* Frameworks */ = {
			isa = PBXFrameworksBuildPhase;
			buildActionMask = 2147483647;
			files = (
				1BFC967E190A7637002DA5F2 /* CoreGraphics.framework in Frameworks */,
				1BFC9680190A7637002DA5F2 /* UIKit.framework in Frameworks */,
				1BFC967C190A7637002DA5F2 /* Foundation.framework in Frameworks */,
			);
			runOnlyForDeploymentPostprocessing = 0;
		};
/* End PBXFrameworksBuildPhase section */

/* Begin PBXGroup section */
		1BFC966F190A7637002DA5F2 = {
			isa = PBXGroup;
			children = (
				1BFC968A190A7637002DA5F2 /* AppDelegate.h */,
				1BFC968B190A7638002DA5F2 /* AppDelegate.m */,
				1BFC968D190A7638002DA5F2 /* Main.storyboard */,
				1BFC9690190A7638002DA5F2 /* ViewController.h */,
				1BFC9691190A7638002DA5F2 /* ViewController.m */,
				1BFC9693190A7638002DA5F2 /* Images.xcassets */,
				1BFC96B7190A7EA6002DA5F2 /* vendor */,
				1BFC9682190A7637002DA5F2 /* Supporting Files */,
				1BFC967A190A7637002DA5F2 /* Frameworks */,
				1BFC9679190A7637002DA5F2 /* Products */,
			);
			sourceTree = "<group>";
		};
		1BFC9679190A7637002DA5F2 /* Products */ = {
			isa = PBXGroup;
			children = (
				1BFC9678190A7637002DA5F2 /* project.app */,
			);
			name = Products;
			sourceTree = "<group>";
		};
		1BFC967A190A7637002DA5F2 /* Frameworks */ = {
			isa = PBXGroup;
			children = (
				1BFC967B190A7637002DA5F2 /* Foundation.framework */,
				1BFC967D190A7637002DA5F2 /* CoreGraphics.framework */,
				1BFC967F190A7637002DA5F2 /* UIKit.framework */,
				1BFC969A190A7638002DA5F2 /* XCTest.framework */,
			);
			name = Frameworks;
			sourceTree = "<group>";
		};
		1BFC9682190A7637002DA5F2 /* Supporting Files */ = {
			isa = PBXGroup;
			children = (
				1BFC9683190A7637002DA5F2 /* project-Info.plist */,
				1BFC9684190A7637002DA5F2 /* InfoPlist.strings */,
				1BFC9687190A7637002DA5F2 /* main.m */,
				1BFC9689190A7637002DA5F2 /* project-Prefix.pch */,
			);
			name = "Supporting Files";
			path = project;
			sourceTree = "<group>";
		};
		1BFC96B7190A7EA6002DA5F2 /* vendor */ = {
			isa = PBXGroup;
			children = (
				1BFC96B8190A7EB7002DA5F2 /* DAWeatherClient */,
			);
			name = vendor;
			sourceTree = "<group>";
		};
		1BFC96B8190A7EB7002DA5F2 /* DAWeatherClient */ = {
			isa = PBXGroup;
			children = (
				1BFC96B9190A7EB7002DA5F2 /* DAWeatherClient.h */,
				1BFC96BA190A7EB7002DA5F2 /* DAWeatherClient.m */,
			);
			name = DAWeatherClient;
			path = ../DAWeatherClient;
			sourceTree = "<group>";
		};
/* End PBXGroup section */

/* Begin PBXNativeTarget section */
		1BFC9677190A7637002DA5F2 /* project */ = {
			isa = PBXNativeTarget;
			buildConfigurationList = 1BFC96AA190A7638002DA5F2 /* Build configuration list for PBXNativeTarget "project" */;
			buildPhases = (
				1BFC9674190A7637002DA5F2 /* Sources */,
				1BFC9675190A7637002DA5F2 /* Frameworks */,
				1BFC9676190A7637002DA5F2 /* Resources */,
			);
			buildRules = (
			);
			dependencies = (
			);
			name = project;
			productName = project;
			productReference = 1BFC9678190A7637002DA5F2 /* project.app */;
			productType = "com.apple.product-type.application";
		};
/* End PBXNativeTarget section */

/* Begin PBXProject section */
		1BFC9670190A7637002DA5F2 /* Project object */ = {
			isa = PBXProject;
			attributes = {
				LastUpgradeCheck = 0510;
				ORGANIZATIONNAME = "Darmen Amanbayev";
			};
			buildConfigurationList = 1BFC9673190A7637002DA5F2 /* Build configuration list for PBXProject "project" */;
			compatibilityVersion = "Xcode 3.2";
			developmentRegion = English;
			hasScannedForEncodings = 0;
			knownRegions = (
				en,
				Base,
			);
			mainGroup = 1BFC966F190A7637002DA5F2;
			productRefGroup = 1BFC9679190A7637002DA5F2 /* Products */;
			projectDirPath = "";
			projectRoot = "";
			targets = (
				1BFC9677190A7637002DA5F2 /* project */,
			);
		};
/* End PBXProject section */

/* Begin PBXResourcesBuildPhase section */
		1BFC9676190A7637002DA5F2 /* Resources */ = {
			isa = PBXResourcesBuildPhase;
			buildActionMask = 2147483647;
			files = (
				1BFC9694190A7638002DA5F2 /* Images.xcassets in Resources */,
				1BFC9686190A7637002DA5F2 /* InfoPlist.strings in Resources */,
				1BFC968F190A7638002DA5F2 /* Main.storyboard in Resources */,
			);
			runOnlyForDeploymentPostprocessing = 0;
		};
/* End PBXResourcesBuildPhase section */

/* Begin PBXSourcesBuildPhase section */
		1BFC9674190A7637002DA5F2 /* Sources */ = {
			isa = PBXSourcesBuildPhase;
			buildActionMask = 2147483647;
			files = (
				1BFC96BB190A7EB7002DA5F2 /* DAWeatherClient.m in Sources */,
				1BFC9692190A7638002DA5F2 /* ViewController.m in Sources */,
				1BFC968C190A7638002DA5F2 /* AppDelegate.m in Sources */,
				1BFC9688190A7637002DA5F2 /* main.m in Sources */,
			);
			runOnlyForDeploymentPostprocessing = 0;
		};
/* End PBXSourcesBuildPhase section */

/* Begin PBXVariantGroup section */
		1BFC9684190A7637002DA5F2 /* InfoPlist.strings */ = {
			isa = PBXVariantGroup;
			children = (
				1BFC9685190A7637002DA5F2 /* en */,
			);
			name = InfoPlist.strings;
			sourceTree = "<group>";
		};
		1BFC968D190A7638002DA5F2 /* Main.storyboard */ = {
			isa = PBXVariantGroup;
			children = (
				1BFC968E190A7638002DA5F2 /* Base */,
			);
			name = Main.storyboard;
			path = project;
			sourceTree = "<group>";
		};
/* End PBXVariantGroup section */

/* Begin XCBuildConfiguration section */
		1BFC96A8190A7638002DA5F2 /* Debug */ = {
			isa = XCBuildConfiguration;
			buildSettings = {
				ALWAYS_SEARCH_USER_PATHS = NO;
				CLANG_CXX_LANGUAGE_STANDARD = "gnu++0x";
				CLANG_CXX_LIBRARY = "libc++";
				CLANG_ENABLE_MODULES = YES;
				CLANG_ENABLE_OBJC_ARC = YES;
				CLANG_WARN_BOOL_CONVERSION = YES;
				CLANG_WARN_CONSTANT_CONVERSION = YES;
				CLANG_WARN_DIRECT_OBJC_ISA_USAGE = YES_ERROR;
				CLANG_WARN_EMPTY_BODY = YES;
				CLANG_WARN_ENUM_CONVERSION = YES;
				CLANG_WARN_INT_CONVERSION = YES;
				CLANG_WARN_OBJC_ROOT_CLASS = YES_ERROR;
				CLANG_WARN__DUPLICATE_METHOD_MATCH = YES;
				"CODE_SIGN_IDENTITY[sdk=iphoneos*]" = "iPhone Developer";
				COPY_PHASE_STRIP = NO;
				GCC_C_LANGUAGE_STANDARD = gnu99;
				GCC_DYNAMIC_NO_PIC = NO;
				GCC_OPTIMIZATION_LEVEL = 0;
				GCC_PREPROCESSOR_DEFINITIONS = (
					"DEBUG=1",
					"$(inherited)",
				);
				GCC_SYMBOLS_PRIVATE_EXTERN = NO;
				GCC_WARN_64_TO_32_BIT_CONVERSION = YES;
				GCC_WARN_ABOUT_RETURN_TYPE = YES_ERROR;
				GCC_WARN_UNDECLARED_SELECTOR = YES;
				GCC_WARN_UNINITIALIZED_AUTOS = YES_AGGRESSIVE;
				GCC_WARN_UNUSED_FUNCTION = YES;
				GCC_WARN_UNUSED_VARIABLE = YES;
				IPHONEOS_DEPLOYMENT_TARGET = 7.1;
				ONLY_ACTIVE_ARCH = YES;
				SDKROOT = iphoneos;
			};
			name = Debug;
		};
		1BFC96A9190A7638002DA5F2 /* Release */ = {
			isa = XCBuildConfiguration;
			buildSettings = {
				ALWAYS_SEARCH_USER_PATHS = NO;
				CLANG_CXX_LANGUAGE_STANDARD = "gnu++0x";
				CLANG_CXX_LIBRARY = "libc++";
				CLANG_ENABLE_MODULES = YES;
				CLANG_ENABLE_OBJC_ARC = YES;
				CLANG_WARN_BOOL_CONVERSION = YES;
				CLANG_WARN_CONSTANT_CONVERSION = YES;
				CLANG_WARN_DIRECT_OBJC_ISA_USAGE = YES_ERROR;
				CLANG_WARN_EMPTY_BODY = YES;
				CLANG_WARN_ENUM_CONVERSION = YES;
				CLANG_WARN_INT_CONVERSION = YES;
				CLANG_WARN_OBJC_ROOT_CLASS = YES_ERROR;
				CLANG_WARN__DUPLICATE_METHOD_MATCH = YES;
				"CODE_SIGN_IDENTITY[sdk=iphoneos*]" = "iPhone Developer";
				COPY_PHASE_STRIP = YES;
				ENABLE_NS_ASSERTIONS = NO;
				GCC_C_LANGUAGE_STANDARD = gnu99;
				GCC_WARN_64_TO_32_BIT_CONVERSION = YES;
				GCC_WARN_ABOUT_RETURN_TYPE = YES_ERROR;
				GCC_WARN_UNDECLARED_SELECTOR = YES;
				GCC_WARN_UNINITIALIZED_AUTOS = YES_AGGRESSIVE;
				GCC_WARN_UNUSED_FUNCTION = YES;
				GCC_WARN_UNUSED_VARIABLE = YES;
				IPHONEOS_DEPLOYMENT_TARGET = 7.1;
				SDKROOT = iphoneos;
				VALIDATE_PRODUCT = YES;
			};
			name = Release;
		};
		1BFC96AB190A7638002DA5F2 /* Debug */ = {
			isa = XCBuildConfiguration;
			buildSettings = {
				ASSETCATALOG_COMPILER_APPICON_NAME = AppIcon;
				ASSETCATALOG_COMPILER_LAUNCHIMAGE_NAME = LaunchImage;
				GCC_PRECOMPILE_PREFIX_HEADER = YES;
				GCC_PREFIX_HEADER = "project/project-Prefix.pch";
				INFOPLIST_FILE = "project/project-Info.plist";
				PRODUCT_NAME = "$(TARGET_NAME)";
				WRAPPER_EXTENSION = app;
			};
			name = Debug;
		};
		1BFC96AC190A7638002DA5F2 /* Release */ = {
			isa = XCBuildConfiguration;
			buildSettings = {
				ASSETCATALOG_COMPILER_APPICON_NAME = AppIcon;
				ASSETCATALOG_COMPILER_LAUNCHIMAGE_NAME = LaunchImage;
				GCC_PRECOMPILE_PREFIX_HEADER = YES;
				GCC_PREFIX_HEADER = "project/project-Prefix.pch";
				INFOPLIST_FILE = "project/project-Info.plist";
				PRODUCT_NAME = "$(TARGET_NAME)";
				WRAPPER_EXTENSION = app;
			};
			name = Release;
		};
/* End XCBuildConfiguration section */

/* Begin XCConfigurationList section */
		1BFC9673190A7637002DA5F2 /* Build configuration list for PBXProject "project" */ = {
			isa = XCConfigurationList;
			buildConfigurations = (
				1BFC96A8190A7638002DA5F2 /* Debug */,
				1BFC96A9190A7638002DA5F2 /* Release */,
			);
			defaultConfigurationIsVisible = 0;
			defaultConfigurationName = Release;
		};
		1BFC96AA190A7638002DA5F2 /* Build configuration list for PBXNativeTarget "project" */ = {
			isa = XCConfigurationList;
			buildConfigurations = (
				1BFC96AB190A7638002DA5F2 /* Debug */,
				1BFC96AC190A7638002DA5F2 /* Release */,
			);
			defaultConfigurationIsVisible = 0;
			defaultConfigurationName = Release;
		};
/* End XCConfigurationList section */
	};
	rootObject = 1BFC9670190A7637002DA5F2 /* Project object */;
}
